
Microsoft Visual Studio Solution File, Format Version 12.00
# Visual Studio 14
VisualStudioVersion = 14.0.25420.1
MinimumVisualStudioVersion = 10.0.40219.1
Project("{FAE04EC0-301F-11D3-BF4B-00C04F79EFBC}") = "WeiJieBaoJing", "WeiJieBaoJing\WeiJieBaoJing.csproj", "{E0056215-926F-4D14-82C2-458514A033EA}"
EndProject
Project("{54435603-DBB4-11D2-8724-00A0C9A8B90C}") = "WeiJieBaojingSetup", "WeiJieBaojingSetup\WeiJieBaojingSetup.vdproj", "{F550F2B0-343D-4817-A876-D52B925C1525}"
EndProject
Project("{FAE04EC0-301F-11D3-BF4B-00C04F79EFBC}") = "XiaoFangBaoJing", "XiaoFangBaoJing\XiaoFangBaoJing.csproj", "{81F29B19-802A-4A14-9E71-C729275DD4DA}"
EndProject
Project("{54435603-DBB4-11D2-8724-00A0C9A8B90C}") = "XiaoFangBaoJingSetup", "XiaoFangBaoJingSetup\XiaoFangBaoJingSetup.vdproj", "{C5E7F184-6FFF-4161-B532-1F0104A972F7}"
EndProject
Project("{FAE04EC0-301F-11D3-BF4B-00C04F79EFBC}") = "ShouDongBaoJing", "ShouDongBaoJing\ShouDongBaoJing.csproj", "{097C9B58-7334-4769-B2A3-1353CCD47450}"
EndProject
Project("{54435603-DBB4-11D2-8724-00A0C9A8B90C}") = "ShouDongBaoJingSetup", "ShouDongBaoJingSetup\ShouDongBaoJingSetup.vdproj", "{34C61B76-522E-4AB4-81CD-B67B739DC405}"
EndProject
Project("{FAE04EC0-301F-11D3-BF4B-00C04F79EFBC}") = "ShiPinJiChengYUSHI", "ShiPinJiChengYUSHI\ShiPinJiChengYUSHI.csproj", "{6EB511AC-6B5D-412B-AF96-E7FAD7B6319E}"
EndProject
Project("{54435603-DBB4-11D2-8724-00A0C9A8B90C}") = "ShiPinJiChengYUSHISetup", "ShiPinJiChengYUSHISetup\ShiPinJiChengYUSHISetup.vdproj", "{E072B4FA-02A0-455D-ABA2-E31BD7C0E9E0}"
EndProject
Project("{FAE04EC0-301F-11D3-BF4B-00C04F79EFBC}") = "JiDianQiKongZhi", "JiDianQiKongZhi\JiDianQiKongZhi.csproj", "{16A544F6-FF25-4A0D-B18E-BEE0D854B5CE}"
EndProject
Project("{FAE04EC0-301F-11D3-BF4B-00C04F79EFBC}") = "HwMenJin", "HwMenJin\HwMenJin.csproj", "{FFE016DC-A97B-4479-ABD4-8BC693F2FD05}"
EndProject
Project("{FAE04EC0-301F-11D3-BF4B-00C04F79EFBC}") = "WhGuanlang", "WhGuanlang\WhGuanlang.csproj", "{7E8A69D1-48DA-4C67-AA82-9957D86E8C37}"
EndProject
Project("{54435603-DBB4-11D2-8724-00A0C9A8B90C}") = "WhGuanlangSetup", "WhGuanlangSetup\WhGuanlangSetup.vdproj", "{230A506D-0ACF-477B-B07D-EF8D4DF3BBDC}"
EndProject
Project("{54435603-DBB4-11D2-8724-00A0C9A8B90C}") = "HwMenJinSetup", "HwMenJinSetup\HwMenJinSetup.vdproj", "{AFACC5CF-883A-4F56-B92A-1C9318A59877}"
EndProject
Project("{FAE04EC0-301F-11D3-BF4B-00C04F79EFBC}") = "WhShouDongBaoJing", "WhShouDongBaoJing\WhShouDongBaoJing.csproj", "{4BC4C7FE-EA86-45C1-BCA9-F94E008DFC64}"
EndProject
Project("{FAE04EC0-301F-11D3-BF4B-00C04F79EFBC}") = "WhWeiJieBaoJing", "WhWeiJieBaoJing\WhWeiJieBaoJing.csproj", "{A861A023-29E0-4C4E-9921-1A9E3CA4B9B1}"
EndProject
Project("{FAE04EC0-301F-11D3-BF4B-00C04F79EFBC}") = "XinJiangYuShi", "XinJiangYuShi\XinJiangYuShi.csproj", "{2E7C82E8-7FCE-4FE5-B7CC-3B4B4F7B817F}"
EndProject
Project("{FAE04EC0-301F-11D3-BF4B-00C04F79EFBC}") = "ChangChunMenJin", "ChangChunMenJin\ChangChunMenJin.csproj", "{3443A012-AA3B-4E3E-A638-4A6CD5FEBECD}"
EndProject
Project("{FAE04EC0-301F-11D3-BF4B-00C04F79EFBC}") = "ChangChunShouBao", "ChangChunShouBao\ChangChunShouBao.csproj", "{67437E4E-13F6-48B1-B999-74111DD53EA3}"
EndProject
Project("{54435603-DBB4-11D2-8724-00A0C9A8B90C}") = "ChangChunShouBaoSetup", "ChangChunShouBaoSetup\ChangChunShouBaoSetup.vdproj", "{FC101767-FEB2-470C-AE7C-2FA732DA76EE}"
EndProject
Project("{FAE04EC0-301F-11D3-BF4B-00C04F79EFBC}") = "ChangChunBacNet", "ChangChunBacNet\ChangChunBacNet.csproj", "{7F8BE6B6-0397-4E71-ADC1-531DD152A7F7}"
EndProject
Project("{FAE04EC0-301F-11D3-BF4B-00C04F79EFBC}") = "UdpServerTest", "UdpServerTest\UdpServerTest.csproj", "{78228613-B510-480E-9CEB-682F3EC5B161}"
EndProject
Project("{54435603-DBB4-11D2-8724-00A0C9A8B90C}") = "ChangChunMenJinSetup", "ChangChunMenJinSetup\ChangChunMenJinSetup.vdproj", "{4855713B-F368-4871-8C94-404C961C145E}"
EndProject
Project("{FAE04EC0-301F-11D3-BF4B-00C04F79EFBC}") = "XinJiangShouBao", "XinJiangShouBao\XinJiangShouBao.csproj", "{74529A26-B317-47DE-AD86-3ACA437B0C24}"
EndProject
Project("{54435603-DBB4-11D2-8724-00A0C9A8B90C}") = "XinJiangShouBaoSetup", "XinJiangShouBaoSetup\XinJiangShouBaoSetup.vdproj", "{B221A3C7-852E-439D-AA9A-BC39A7E84B16}"
EndProject
Project("{54435603-DBB4-11D2-8724-00A0C9A8B90C}") = "WhShouDongBaoJingSetup", "WhShouDongBaoJingSetup\WhShouDongBaoJingSetup.vdproj", "{A069146C-4899-49FE-8C5D-36CBC055E5C8}"
EndProject
Project("{FAE04EC0-301F-11D3-BF4B-00C04F79EFBC}") = "XiaoFangBaoJingQingDao", "XiaoFangBaoJingQingDao\XiaoFangBaoJingQingDao.csproj", "{E4B4742E-5F4F-4669-A9A1-F7E1642FC78F}"
EndProject
Project("{54435603-DBB4-11D2-8724-00A0C9A8B90C}") = "XiaoFangBaoJingQingDaoSetup", "XiaoFangBaoJingQingDaoSetup\XiaoFangBaoJingQingDaoSetup.vdproj", "{EBC914A3-ECCF-42D2-AE9A-DC0E79323CB8}"
EndProject
Project("{FAE04EC0-301F-11D3-BF4B-00C04F79EFBC}") = "XinJiangShouBaoBsCpp", "XinJiangShouBaoBsCpp\XinJiangShouBaoBsCpp.csproj", "{02C20DF1-C11C-4CA3-A5F6-C01984130FF4}"
EndProject
Project("{FAE04EC0-301F-11D3-BF4B-00C04F79EFBC}") = "XinJiangShouBaoDh", "XinJiangShouBaoDh\XinJiangShouBaoDh.csproj", "{0FDB0C41-BC64-4BF8-9F15-434BAC44D68B}"
EndProject
Project("{FAE04EC0-301F-11D3-BF4B-00C04F79EFBC}") = "WhCameraStateWathcer", "WhCameraStateWathcer\WhCameraStateWathcer.csproj", "{7D3661C1-E7AA-4CA7-9C66-D8A95984B5C7}"
EndProject
Project("{54435603-DBB4-11D2-8724-00A0C9A8B90C}") = "XinJiangShouBaoDhSetup", "XinJiangShouBaoDhSetup\XinJiangShouBaoDhSetup.vdproj", "{6DB7B786-6BEB-4AC3-8E64-22F954EA8FDB}"
EndProject
Project("{54435603-DBB4-11D2-8724-00A0C9A8B90C}") = "WhWeiJieBaoJingSetup", "WhWeiJieBaoJingSetup\WhWeiJieBaoJingSetup.vdproj", "{9AB3A575-80D3-4208-804E-0086E9CFDBA4}"
EndProject
Project("{FAE04EC0-301F-11D3-BF4B-00C04F79EFBC}") = "KafkaMessageSenderTool", "KafkaMessageSenderTool\KafkaMessageSenderTool.csproj", "{447E796B-3E9B-4B8F-9660-9213DF901F00}"
EndProject
Project("{54435603-DBB4-11D2-8724-00A0C9A8B90C}") = "KafkaMessageSenderToolSetup", "KafkaMessageSenderToolSetup\KafkaMessageSenderToolSetup.vdproj", "{EF15EF4E-1BA7-4588-9F21-D9071B1A5FC5}"
EndProject
Project("{FAE04EC0-301F-11D3-BF4B-00C04F79EFBC}") = "XinJiangShouBaoBs", "XinJiangShouBaoBs\XinJiangShouBaoBs.csproj", "{51FE9683-C294-4DE8-8965-DD68A901EB1B}"
EndProject
Project("{54435603-DBB4-11D2-8724-00A0C9A8B90C}") = "XinJiangShouBaoBsSetup", "XinJiangShouBaoBsSetup\XinJiangShouBaoBsSetup.vdproj", "{DC3E4680-86A9-4CFE-883D-1B01C6D5E7E5}"
EndProject
Project("{FAE04EC0-301F-11D3-BF4B-00C04F79EFBC}") = "XinJiangMenJinHwAPI", "XinJiangMenJinHwAPI\XinJiangMenJinHwAPI.csproj", "{53AE9222-DD37-4ED1-9BDC-EEB4D6E6E912}"
EndProject
Project("{54435603-DBB4-11D2-8724-00A0C9A8B90C}") = "XinJiangMenJinHwAPISetup", "XinJiangMenJinHwAPISetup\XinJiangMenJinHwAPISetup.vdproj", "{9F768DA8-D70F-4F8C-A1EE-6A01230C6DAD}"
EndProject
Project("{FAE04EC0-301F-11D3-BF4B-00C04F79EFBC}") = "HaiKouMenJin", "HaiKouMenJin\HaiKouMenJin.csproj", "{07496DF7-5E08-4D63-9759-88617436B7BD}"
EndProject
Project("{FAE04EC0-301F-11D3-BF4B-00C04F79EFBC}") = "XinJiangMenJinHwProWatchHSDK", "XinJiangMenJinHwProWatchHSDK\XinJiangMenJinHwProWatchHSDK.csproj", "{C21A0AFD-004D-4AEA-8C8F-836D14FCCFEF}"
EndProject
Project("{FAE04EC0-301F-11D3-BF4B-00C04F79EFBC}") = "QuanZhouCheDi", "QuanZhouCheDi\QuanZhouCheDi.csproj", "{E8238F6A-AAA1-45EC-AB2F-7CCE06235493}"
EndProject
Project("{54435603-DBB4-11D2-8724-00A0C9A8B90C}") = "HaiKouMenJinSetup", "HaiKouMenJinSetup\HaiKouMenJinSetup.vdproj", "{497DB069-4C50-4F01-8B19-F58DF136C2F5}"
EndProject
Project("{54435603-DBB4-11D2-8724-00A0C9A8B90C}") = "QuanZhouCheDiSetup", "QuanZhouCheDiSetup\QuanZhouCheDiSetup.vdproj", "{A6FBAB4F-E9E4-40EB-B49C-249A17EE031B}"
EndProject
Project("{FAE04EC0-301F-11D3-BF4B-00C04F79EFBC}") = "LinCangHwMenJin", "LinCangHwMenJin\LinCangHwMenJin.csproj", "{0542D152-F2CE-462A-80A4-B83C776241D4}"
EndProject
Project("{54435603-DBB4-11D2-8724-00A0C9A8B90C}") = "LinCangHwMenJinSetup", "LinCangHwMenJinSetup\LinCangHwMenJinSetup.vdproj", "{B8A7D821-286E-41FA-BC7E-6267EE662AE8}"
EndProject
Project("{FAE04EC0-301F-11D3-BF4B-00C04F79EFBC}") = "LinCangShiPinSheBei", "LinCangShiPinSheBei\LinCangShiPinSheBei.csproj", "{10301132-77CC-43DB-BE53-B3BE7EF7FCB6}"
EndProject
Project("{54435603-DBB4-11D2-8724-00A0C9A8B90C}") = "LinCangShiPinSheBeiSetup", "LinCangShiPinSheBeiSetup\LinCangShiPinSheBeiSetup.vdproj", "{D87FEA7F-1D4B-40A8-8400-3A9329DDF267}"
EndProject
Global
	GlobalSection(SolutionConfigurationPlatforms) = preSolution
		Debug|Any CPU = Debug|Any CPU
		Debug|x64 = Debug|x64
		Debug|x86 = Debug|x86
		Release|Any CPU = Release|Any CPU
		Release|x64 = Release|x64
		Release|x86 = Release|x86
	EndGlobalSection
	GlobalSection(ProjectConfigurationPlatforms) = postSolution
		{E0056215-926F-4D14-82C2-458514A033EA}.Debug|Any CPU.ActiveCfg = Debug|Any CPU
		{E0056215-926F-4D14-82C2-458514A033EA}.Debug|Any CPU.Build.0 = Debug|Any CPU
		{E0056215-926F-4D14-82C2-458514A033EA}.Debug|x64.ActiveCfg = Debug|Any CPU
		{E0056215-926F-4D14-82C2-458514A033EA}.Debug|x64.Build.0 = Debug|Any CPU
		{E0056215-926F-4D14-82C2-458514A033EA}.Debug|x86.ActiveCfg = Debug|Any CPU
		{E0056215-926F-4D14-82C2-458514A033EA}.Debug|x86.Build.0 = Debug|Any CPU
		{E0056215-926F-4D14-82C2-458514A033EA}.Release|Any CPU.ActiveCfg = Release|Any CPU
		{E0056215-926F-4D14-82C2-458514A033EA}.Release|Any CPU.Build.0 = Release|Any CPU
		{E0056215-926F-4D14-82C2-458514A033EA}.Release|x64.ActiveCfg = Release|Any CPU
		{E0056215-926F-4D14-82C2-458514A033EA}.Release|x64.Build.0 = Release|Any CPU
		{E0056215-926F-4D14-82C2-458514A033EA}.Release|x86.ActiveCfg = Release|Any CPU
		{E0056215-926F-4D14-82C2-458514A033EA}.Release|x86.Build.0 = Release|Any CPU
		{F550F2B0-343D-4817-A876-D52B925C1525}.Debug|Any CPU.ActiveCfg = Debug
		{F550F2B0-343D-4817-A876-D52B925C1525}.Debug|x64.ActiveCfg = Debug
		{F550F2B0-343D-4817-A876-D52B925C1525}.Debug|x64.Build.0 = Debug
		{F550F2B0-343D-4817-A876-D52B925C1525}.Debug|x86.ActiveCfg = Debug
		{F550F2B0-343D-4817-A876-D52B925C1525}.Debug|x86.Build.0 = Debug
		{F550F2B0-343D-4817-A876-D52B925C1525}.Release|Any CPU.ActiveCfg = Release
		{F550F2B0-343D-4817-A876-D52B925C1525}.Release|x64.ActiveCfg = Release
		{F550F2B0-343D-4817-A876-D52B925C1525}.Release|x64.Build.0 = Release
		{F550F2B0-343D-4817-A876-D52B925C1525}.Release|x86.ActiveCfg = Release
		{F550F2B0-343D-4817-A876-D52B925C1525}.Release|x86.Build.0 = Release
		{81F29B19-802A-4A14-9E71-C729275DD4DA}.Debug|Any CPU.ActiveCfg = Debug|Any CPU
		{81F29B19-802A-4A14-9E71-C729275DD4DA}.Debug|Any CPU.Build.0 = Debug|Any CPU
		{81F29B19-802A-4A14-9E71-C729275DD4DA}.Debug|x64.ActiveCfg = Debug|Any CPU
		{81F29B19-802A-4A14-9E71-C729275DD4DA}.Debug|x64.Build.0 = Debug|Any CPU
		{81F29B19-802A-4A14-9E71-C729275DD4DA}.Debug|x86.ActiveCfg = Debug|Any CPU
		{81F29B19-802A-4A14-9E71-C729275DD4DA}.Debug|x86.Build.0 = Debug|Any CPU
		{81F29B19-802A-4A14-9E71-C729275DD4DA}.Release|Any CPU.ActiveCfg = Release|Any CPU
		{81F29B19-802A-4A14-9E71-C729275DD4DA}.Release|Any CPU.Build.0 = Release|Any CPU
		{81F29B19-802A-4A14-9E71-C729275DD4DA}.Release|x64.ActiveCfg = Release|Any CPU
		{81F29B19-802A-4A14-9E71-C729275DD4DA}.Release|x64.Build.0 = Release|Any CPU
		{81F29B19-802A-4A14-9E71-C729275DD4DA}.Release|x86.ActiveCfg = Release|Any CPU
		{81F29B19-802A-4A14-9E71-C729275DD4DA}.Release|x86.Build.0 = Release|Any CPU
		{C5E7F184-6FFF-4161-B532-1F0104A972F7}.Debug|Any CPU.ActiveCfg = Debug
		{C5E7F184-6FFF-4161-B532-1F0104A972F7}.Debug|x64.ActiveCfg = Debug
		{C5E7F184-6FFF-4161-B532-1F0104A972F7}.Debug|x64.Build.0 = Debug
		{C5E7F184-6FFF-4161-B532-1F0104A972F7}.Debug|x86.ActiveCfg = Debug
		{C5E7F184-6FFF-4161-B532-1F0104A972F7}.Debug|x86.Build.0 = Debug
		{C5E7F184-6FFF-4161-B532-1F0104A972F7}.Release|Any CPU.ActiveCfg = Release
		{C5E7F184-6FFF-4161-B532-1F0104A972F7}.Release|x64.ActiveCfg = Release
		{C5E7F184-6FFF-4161-B532-1F0104A972F7}.Release|x64.Build.0 = Release
		{C5E7F184-6FFF-4161-B532-1F0104A972F7}.Release|x86.ActiveCfg = Release
		{C5E7F184-6FFF-4161-B532-1F0104A972F7}.Release|x86.Build.0 = Release
		{097C9B58-7334-4769-B2A3-1353CCD47450}.Debug|Any CPU.ActiveCfg = Debug|Any CPU
		{097C9B58-7334-4769-B2A3-1353CCD47450}.Debug|Any CPU.Build.0 = Debug|Any CPU
		{097C9B58-7334-4769-B2A3-1353CCD47450}.Debug|x64.ActiveCfg = Debug|Any CPU
		{097C9B58-7334-4769-B2A3-1353CCD47450}.Debug|x64.Build.0 = Debug|Any CPU
		{097C9B58-7334-4769-B2A3-1353CCD47450}.Debug|x86.ActiveCfg = Debug|Any CPU
		{097C9B58-7334-4769-B2A3-1353CCD47450}.Debug|x86.Build.0 = Debug|Any CPU
		{097C9B58-7334-4769-B2A3-1353CCD47450}.Release|Any CPU.ActiveCfg = Release|Any CPU
		{097C9B58-7334-4769-B2A3-1353CCD47450}.Release|Any CPU.Build.0 = Release|Any CPU
		{097C9B58-7334-4769-B2A3-1353CCD47450}.Release|x64.ActiveCfg = Release|Any CPU
		{097C9B58-7334-4769-B2A3-1353CCD47450}.Release|x64.Build.0 = Release|Any CPU
		{097C9B58-7334-4769-B2A3-1353CCD47450}.Release|x86.ActiveCfg = Release|Any CPU
		{097C9B58-7334-4769-B2A3-1353CCD47450}.Release|x86.Build.0 = Release|Any CPU
		{34C61B76-522E-4AB4-81CD-B67B739DC405}.Debug|Any CPU.ActiveCfg = Debug
		{34C61B76-522E-4AB4-81CD-B67B739DC405}.Debug|x64.ActiveCfg = Debug
		{34C61B76-522E-4AB4-81CD-B67B739DC405}.Debug|x64.Build.0 = Debug
		{34C61B76-522E-4AB4-81CD-B67B739DC405}.Debug|x86.ActiveCfg = Debug
		{34C61B76-522E-4AB4-81CD-B67B739DC405}.Debug|x86.Build.0 = Debug
		{34C61B76-522E-4AB4-81CD-B67B739DC405}.Release|Any CPU.ActiveCfg = Release
		{34C61B76-522E-4AB4-81CD-B67B739DC405}.Release|x64.ActiveCfg = Release
		{34C61B76-522E-4AB4-81CD-B67B739DC405}.Release|x64.Build.0 = Release
		{34C61B76-522E-4AB4-81CD-B67B739DC405}.Release|x86.ActiveCfg = Release
		{34C61B76-522E-4AB4-81CD-B67B739DC405}.Release|x86.Build.0 = Release
		{6EB511AC-6B5D-412B-AF96-E7FAD7B6319E}.Debug|Any CPU.ActiveCfg = Debug|Any CPU
		{6EB511AC-6B5D-412B-AF96-E7FAD7B6319E}.Debug|Any CPU.Build.0 = Debug|Any CPU
		{6EB511AC-6B5D-412B-AF96-E7FAD7B6319E}.Debug|x64.ActiveCfg = Debug|Any CPU
		{6EB511AC-6B5D-412B-AF96-E7FAD7B6319E}.Debug|x64.Build.0 = Debug|Any CPU
		{6EB511AC-6B5D-412B-AF96-E7FAD7B6319E}.Debug|x86.ActiveCfg = Debug|Any CPU
		{6EB511AC-6B5D-412B-AF96-E7FAD7B6319E}.Debug|x86.Build.0 = Debug|Any CPU
		{6EB511AC-6B5D-412B-AF96-E7FAD7B6319E}.Release|Any CPU.ActiveCfg = Release|Any CPU
		{6EB511AC-6B5D-412B-AF96-E7FAD7B6319E}.Release|Any CPU.Build.0 = Release|Any CPU
		{6EB511AC-6B5D-412B-AF96-E7FAD7B6319E}.Release|x64.ActiveCfg = Release|Any CPU
		{6EB511AC-6B5D-412B-AF96-E7FAD7B6319E}.Release|x64.Build.0 = Release|Any CPU
		{6EB511AC-6B5D-412B-AF96-E7FAD7B6319E}.Release|x86.ActiveCfg = Release|Any CPU
		{6EB511AC-6B5D-412B-AF96-E7FAD7B6319E}.Release|x86.Build.0 = Release|Any CPU
		{E072B4FA-02A0-455D-ABA2-E31BD7C0E9E0}.Debug|Any CPU.ActiveCfg = Debug
		{E072B4FA-02A0-455D-ABA2-E31BD7C0E9E0}.Debug|x64.ActiveCfg = Debug
		{E072B4FA-02A0-455D-ABA2-E31BD7C0E9E0}.Debug|x64.Build.0 = Debug
		{E072B4FA-02A0-455D-ABA2-E31BD7C0E9E0}.Debug|x86.ActiveCfg = Debug
		{E072B4FA-02A0-455D-ABA2-E31BD7C0E9E0}.Debug|x86.Build.0 = Debug
		{E072B4FA-02A0-455D-ABA2-E31BD7C0E9E0}.Release|Any CPU.ActiveCfg = Release
		{E072B4FA-02A0-455D-ABA2-E31BD7C0E9E0}.Release|x64.ActiveCfg = Release
		{E072B4FA-02A0-455D-ABA2-E31BD7C0E9E0}.Release|x64.Build.0 = Release
		{E072B4FA-02A0-455D-ABA2-E31BD7C0E9E0}.Release|x86.ActiveCfg = Release
		{E072B4FA-02A0-455D-ABA2-E31BD7C0E9E0}.Release|x86.Build.0 = Release
		{16A544F6-FF25-4A0D-B18E-BEE0D854B5CE}.Debug|Any CPU.ActiveCfg = Debug|Any CPU
		{16A544F6-FF25-4A0D-B18E-BEE0D854B5CE}.Debug|Any CPU.Build.0 = Debug|Any CPU
		{16A544F6-FF25-4A0D-B18E-BEE0D854B5CE}.Debug|x64.ActiveCfg = Debug|Any CPU
		{16A544F6-FF25-4A0D-B18E-BEE0D854B5CE}.Debug|x64.Build.0 = Debug|Any CPU
		{16A544F6-FF25-4A0D-B18E-BEE0D854B5CE}.Debug|x86.ActiveCfg = Debug|Any CPU
		{16A544F6-FF25-4A0D-B18E-BEE0D854B5CE}.Debug|x86.Build.0 = Debug|Any CPU
		{16A544F6-FF25-4A0D-B18E-BEE0D854B5CE}.Release|Any CPU.ActiveCfg = Release|Any CPU
		{16A544F6-FF25-4A0D-B18E-BEE0D854B5CE}.Release|Any CPU.Build.0 = Release|Any CPU
		{16A544F6-FF25-4A0D-B18E-BEE0D854B5CE}.Release|x64.ActiveCfg = Release|Any CPU
		{16A544F6-FF25-4A0D-B18E-BEE0D854B5CE}.Release|x64.Build.0 = Release|Any CPU
		{16A544F6-FF25-4A0D-B18E-BEE0D854B5CE}.Release|x86.ActiveCfg = Release|Any CPU
		{16A544F6-FF25-4A0D-B18E-BEE0D854B5CE}.Release|x86.Build.0 = Release|Any CPU
		{FFE016DC-A97B-4479-ABD4-8BC693F2FD05}.Debug|Any CPU.ActiveCfg = Debug|Any CPU
		{FFE016DC-A97B-4479-ABD4-8BC693F2FD05}.Debug|Any CPU.Build.0 = Debug|Any CPU
		{FFE016DC-A97B-4479-ABD4-8BC693F2FD05}.Debug|x64.ActiveCfg = Debug|Any CPU
		{FFE016DC-A97B-4479-ABD4-8BC693F2FD05}.Debug|x64.Build.0 = Debug|Any CPU
		{FFE016DC-A97B-4479-ABD4-8BC693F2FD05}.Debug|x86.ActiveCfg = Debug|x86
		{FFE016DC-A97B-4479-ABD4-8BC693F2FD05}.Debug|x86.Build.0 = Debug|x86
		{FFE016DC-A97B-4479-ABD4-8BC693F2FD05}.Release|Any CPU.ActiveCfg = Release|Any CPU
		{FFE016DC-A97B-4479-ABD4-8BC693F2FD05}.Release|Any CPU.Build.0 = Release|Any CPU
		{FFE016DC-A97B-4479-ABD4-8BC693F2FD05}.Release|x64.ActiveCfg = Release|Any CPU
		{FFE016DC-A97B-4479-ABD4-8BC693F2FD05}.Release|x64.Build.0 = Release|Any CPU
		{FFE016DC-A97B-4479-ABD4-8BC693F2FD05}.Release|x86.ActiveCfg = Release|x86
		{FFE016DC-A97B-4479-ABD4-8BC693F2FD05}.Release|x86.Build.0 = Release|x86
		{7E8A69D1-48DA-4C67-AA82-9957D86E8C37}.Debug|Any CPU.ActiveCfg = Debug|Any CPU
		{7E8A69D1-48DA-4C67-AA82-9957D86E8C37}.Debug|Any CPU.Build.0 = Debug|Any CPU
		{7E8A69D1-48DA-4C67-AA82-9957D86E8C37}.Debug|x64.ActiveCfg = Debug|Any CPU
		{7E8A69D1-48DA-4C67-AA82-9957D86E8C37}.Debug|x64.Build.0 = Debug|Any CPU
		{7E8A69D1-48DA-4C67-AA82-9957D86E8C37}.Debug|x86.ActiveCfg = Debug|Any CPU
		{7E8A69D1-48DA-4C67-AA82-9957D86E8C37}.Debug|x86.Build.0 = Debug|Any CPU
		{7E8A69D1-48DA-4C67-AA82-9957D86E8C37}.Release|Any CPU.ActiveCfg = Release|Any CPU
		{7E8A69D1-48DA-4C67-AA82-9957D86E8C37}.Release|Any CPU.Build.0 = Release|Any CPU
		{7E8A69D1-48DA-4C67-AA82-9957D86E8C37}.Release|x64.ActiveCfg = Release|Any CPU
		{7E8A69D1-48DA-4C67-AA82-9957D86E8C37}.Release|x64.Build.0 = Release|Any CPU
		{7E8A69D1-48DA-4C67-AA82-9957D86E8C37}.Release|x86.ActiveCfg = Release|Any CPU
		{7E8A69D1-48DA-4C67-AA82-9957D86E8C37}.Release|x86.Build.0 = Release|Any CPU
		{230A506D-0ACF-477B-B07D-EF8D4DF3BBDC}.Debug|Any CPU.ActiveCfg = Debug
		{230A506D-0ACF-477B-B07D-EF8D4DF3BBDC}.Debug|x64.ActiveCfg = Debug
		{230A506D-0ACF-477B-B07D-EF8D4DF3BBDC}.Debug|x64.Build.0 = Debug
		{230A506D-0ACF-477B-B07D-EF8D4DF3BBDC}.Debug|x86.ActiveCfg = Debug
		{230A506D-0ACF-477B-B07D-EF8D4DF3BBDC}.Debug|x86.Build.0 = Debug
		{230A506D-0ACF-477B-B07D-EF8D4DF3BBDC}.Release|Any CPU.ActiveCfg = Release
		{230A506D-0ACF-477B-B07D-EF8D4DF3BBDC}.Release|x64.ActiveCfg = Release
		{230A506D-0ACF-477B-B07D-EF8D4DF3BBDC}.Release|x64.Build.0 = Release
		{230A506D-0ACF-477B-B07D-EF8D4DF3BBDC}.Release|x86.ActiveCfg = Release
		{230A506D-0ACF-477B-B07D-EF8D4DF3BBDC}.Release|x86.Build.0 = Release
		{AFACC5CF-883A-4F56-B92A-1C9318A59877}.Debug|Any CPU.ActiveCfg = Debug
		{AFACC5CF-883A-4F56-B92A-1C9318A59877}.Debug|x64.ActiveCfg = Debug
		{AFACC5CF-883A-4F56-B92A-1C9318A59877}.Debug|x64.Build.0 = Debug
		{AFACC5CF-883A-4F56-B92A-1C9318A59877}.Debug|x86.ActiveCfg = Debug
		{AFACC5CF-883A-4F56-B92A-1C9318A59877}.Release|Any CPU.ActiveCfg = Release
		{AFACC5CF-883A-4F56-B92A-1C9318A59877}.Release|x64.ActiveCfg = Release
		{AFACC5CF-883A-4F56-B92A-1C9318A59877}.Release|x64.Build.0 = Release
		{AFACC5CF-883A-4F56-B92A-1C9318A59877}.Release|x86.ActiveCfg = Release
		{4BC4C7FE-EA86-45C1-BCA9-F94E008DFC64}.Debug|Any CPU.ActiveCfg = Debug|Any CPU
		{4BC4C7FE-EA86-45C1-BCA9-F94E008DFC64}.Debug|Any CPU.Build.0 = Debug|Any CPU
		{4BC4C7FE-EA86-45C1-BCA9-F94E008DFC64}.Debug|x64.ActiveCfg = Debug|Any CPU
		{4BC4C7FE-EA86-45C1-BCA9-F94E008DFC64}.Debug|x64.Build.0 = Debug|Any CPU
		{4BC4C7FE-EA86-45C1-BCA9-F94E008DFC64}.Debug|x86.ActiveCfg = Debug|Any CPU
		{4BC4C7FE-EA86-45C1-BCA9-F94E008DFC64}.Debug|x86.Build.0 = Debug|Any CPU
		{4BC4C7FE-EA86-45C1-BCA9-F94E008DFC64}.Release|Any CPU.ActiveCfg = Release|Any CPU
		{4BC4C7FE-EA86-45C1-BCA9-F94E008DFC64}.Release|Any CPU.Build.0 = Release|Any CPU
		{4BC4C7FE-EA86-45C1-BCA9-F94E008DFC64}.Release|x64.ActiveCfg = Release|Any CPU
		{4BC4C7FE-EA86-45C1-BCA9-F94E008DFC64}.Release|x64.Build.0 = Release|Any CPU
		{4BC4C7FE-EA86-45C1-BCA9-F94E008DFC64}.Release|x86.ActiveCfg = Release|Any CPU
		{4BC4C7FE-EA86-45C1-BCA9-F94E008DFC64}.Release|x86.Build.0 = Release|Any CPU
		{A861A023-29E0-4C4E-9921-1A9E3CA4B9B1}.Debug|Any CPU.ActiveCfg = Debug|Any CPU
		{A861A023-29E0-4C4E-9921-1A9E3CA4B9B1}.Debug|Any CPU.Build.0 = Debug|Any CPU
		{A861A023-29E0-4C4E-9921-1A9E3CA4B9B1}.Debug|x64.ActiveCfg = Debug|Any CPU
		{A861A023-29E0-4C4E-9921-1A9E3CA4B9B1}.Debug|x64.Build.0 = Debug|Any CPU
		{A861A023-29E0-4C4E-9921-1A9E3CA4B9B1}.Debug|x86.ActiveCfg = Debug|Any CPU
		{A861A023-29E0-4C4E-9921-1A9E3CA4B9B1}.Debug|x86.Build.0 = Debug|Any CPU
		{A861A023-29E0-4C4E-9921-1A9E3CA4B9B1}.Release|Any CPU.ActiveCfg = Release|Any CPU
		{A861A023-29E0-4C4E-9921-1A9E3CA4B9B1}.Release|Any CPU.Build.0 = Release|Any CPU
		{A861A023-29E0-4C4E-9921-1A9E3CA4B9B1}.Release|x64.ActiveCfg = Release|Any CPU
		{A861A023-29E0-4C4E-9921-1A9E3CA4B9B1}.Release|x64.Build.0 = Release|Any CPU
		{A861A023-29E0-4C4E-9921-1A9E3CA4B9B1}.Release|x86.ActiveCfg = Release|Any CPU
		{A861A023-29E0-4C4E-9921-1A9E3CA4B9B1}.Release|x86.Build.0 = Release|Any CPU
		{2E7C82E8-7FCE-4FE5-B7CC-3B4B4F7B817F}.Debug|Any CPU.ActiveCfg = Debug|Any CPU
		{2E7C82E8-7FCE-4FE5-B7CC-3B4B4F7B817F}.Debug|Any CPU.Build.0 = Debug|Any CPU
		{2E7C82E8-7FCE-4FE5-B7CC-3B4B4F7B817F}.Debug|x64.ActiveCfg = Debug|x64
		{2E7C82E8-7FCE-4FE5-B7CC-3B4B4F7B817F}.Debug|x64.Build.0 = Debug|x64
		{2E7C82E8-7FCE-4FE5-B7CC-3B4B4F7B817F}.Debug|x86.ActiveCfg = Debug|Any CPU
		{2E7C82E8-7FCE-4FE5-B7CC-3B4B4F7B817F}.Debug|x86.Build.0 = Debug|Any CPU
		{2E7C82E8-7FCE-4FE5-B7CC-3B4B4F7B817F}.Release|Any CPU.ActiveCfg = Release|Any CPU
		{2E7C82E8-7FCE-4FE5-B7CC-3B4B4F7B817F}.Release|Any CPU.Build.0 = Release|Any CPU
		{2E7C82E8-7FCE-4FE5-B7CC-3B4B4F7B817F}.Release|x64.ActiveCfg = Release|x64
		{2E7C82E8-7FCE-4FE5-B7CC-3B4B4F7B817F}.Release|x64.Build.0 = Release|x64
		{2E7C82E8-7FCE-4FE5-B7CC-3B4B4F7B817F}.Release|x86.ActiveCfg = Release|Any CPU
		{2E7C82E8-7FCE-4FE5-B7CC-3B4B4F7B817F}.Release|x86.Build.0 = Release|Any CPU
		{3443A012-AA3B-4E3E-A638-4A6CD5FEBECD}.Debug|Any CPU.ActiveCfg = Debug|Any CPU
		{3443A012-AA3B-4E3E-A638-4A6CD5FEBECD}.Debug|Any CPU.Build.0 = Debug|Any CPU
		{3443A012-AA3B-4E3E-A638-4A6CD5FEBECD}.Debug|x64.ActiveCfg = Debug|Any CPU
		{3443A012-AA3B-4E3E-A638-4A6CD5FEBECD}.Debug|x64.Build.0 = Debug|Any CPU
		{3443A012-AA3B-4E3E-A638-4A6CD5FEBECD}.Debug|x86.ActiveCfg = Debug|Any CPU
		{3443A012-AA3B-4E3E-A638-4A6CD5FEBECD}.Debug|x86.Build.0 = Debug|Any CPU
		{3443A012-AA3B-4E3E-A638-4A6CD5FEBECD}.Release|Any CPU.ActiveCfg = Release|Any CPU
		{3443A012-AA3B-4E3E-A638-4A6CD5FEBECD}.Release|Any CPU.Build.0 = Release|Any CPU
		{3443A012-AA3B-4E3E-A638-4A6CD5FEBECD}.Release|x64.ActiveCfg = Release|Any CPU
		{3443A012-AA3B-4E3E-A638-4A6CD5FEBECD}.Release|x64.Build.0 = Release|Any CPU
		{3443A012-AA3B-4E3E-A638-4A6CD5FEBECD}.Release|x86.ActiveCfg = Release|Any CPU
		{3443A012-AA3B-4E3E-A638-4A6CD5FEBECD}.Release|x86.Build.0 = Release|Any CPU
		{67437E4E-13F6-48B1-B999-74111DD53EA3}.Debug|Any CPU.ActiveCfg = Debug|Any CPU
		{67437E4E-13F6-48B1-B999-74111DD53EA3}.Debug|Any CPU.Build.0 = Debug|Any CPU
		{67437E4E-13F6-48B1-B999-74111DD53EA3}.Debug|x64.ActiveCfg = Debug|Any CPU
		{67437E4E-13F6-48B1-B999-74111DD53EA3}.Debug|x64.Build.0 = Debug|Any CPU
		{67437E4E-13F6-48B1-B999-74111DD53EA3}.Debug|x86.ActiveCfg = Debug|Any CPU
		{67437E4E-13F6-48B1-B999-74111DD53EA3}.Debug|x86.Build.0 = Debug|Any CPU
		{67437E4E-13F6-48B1-B999-74111DD53EA3}.Release|Any CPU.ActiveCfg = Release|Any CPU
		{67437E4E-13F6-48B1-B999-74111DD53EA3}.Release|Any CPU.Build.0 = Release|Any CPU
		{67437E4E-13F6-48B1-B999-74111DD53EA3}.Release|x64.ActiveCfg = Release|Any CPU
		{67437E4E-13F6-48B1-B999-74111DD53EA3}.Release|x64.Build.0 = Release|Any CPU
		{67437E4E-13F6-48B1-B999-74111DD53EA3}.Release|x86.ActiveCfg = Release|Any CPU
		{67437E4E-13F6-48B1-B999-74111DD53EA3}.Release|x86.Build.0 = Release|Any CPU
		{FC101767-FEB2-470C-AE7C-2FA732DA76EE}.Debug|Any CPU.ActiveCfg = Debug
		{FC101767-FEB2-470C-AE7C-2FA732DA76EE}.Debug|x64.ActiveCfg = Debug
		{FC101767-FEB2-470C-AE7C-2FA732DA76EE}.Debug|x86.ActiveCfg = Debug
		{FC101767-FEB2-470C-AE7C-2FA732DA76EE}.Release|Any CPU.ActiveCfg = Release
		{FC101767-FEB2-470C-AE7C-2FA732DA76EE}.Release|x64.ActiveCfg = Release
		{FC101767-FEB2-470C-AE7C-2FA732DA76EE}.Release|x86.ActiveCfg = Release
		{7F8BE6B6-0397-4E71-ADC1-531DD152A7F7}.Debug|Any CPU.ActiveCfg = Debug|Any CPU
		{7F8BE6B6-0397-4E71-ADC1-531DD152A7F7}.Debug|Any CPU.Build.0 = Debug|Any CPU
		{7F8BE6B6-0397-4E71-ADC1-531DD152A7F7}.Debug|x64.ActiveCfg = Debug|Any CPU
		{7F8BE6B6-0397-4E71-ADC1-531DD152A7F7}.Debug|x64.Build.0 = Debug|Any CPU
		{7F8BE6B6-0397-4E71-ADC1-531DD152A7F7}.Debug|x86.ActiveCfg = Debug|Any CPU
		{7F8BE6B6-0397-4E71-ADC1-531DD152A7F7}.Debug|x86.Build.0 = Debug|Any CPU
		{7F8BE6B6-0397-4E71-ADC1-531DD152A7F7}.Release|Any CPU.ActiveCfg = Release|Any CPU
		{7F8BE6B6-0397-4E71-ADC1-531DD152A7F7}.Release|Any CPU.Build.0 = Release|Any CPU
		{7F8BE6B6-0397-4E71-ADC1-531DD152A7F7}.Release|x64.ActiveCfg = Release|Any CPU
		{7F8BE6B6-0397-4E71-ADC1-531DD152A7F7}.Release|x64.Build.0 = Release|Any CPU
		{7F8BE6B6-0397-4E71-ADC1-531DD152A7F7}.Release|x86.ActiveCfg = Release|Any CPU
		{7F8BE6B6-0397-4E71-ADC1-531DD152A7F7}.Release|x86.Build.0 = Release|Any CPU
		{78228613-B510-480E-9CEB-682F3EC5B161}.Debug|Any CPU.ActiveCfg = Debug|Any CPU
		{78228613-B510-480E-9CEB-682F3EC5B161}.Debug|Any CPU.Build.0 = Debug|Any CPU
		{78228613-B510-480E-9CEB-682F3EC5B161}.Debug|x64.ActiveCfg = Debug|Any CPU
		{78228613-B510-480E-9CEB-682F3EC5B161}.Debug|x64.Build.0 = Debug|Any CPU
		{78228613-B510-480E-9CEB-682F3EC5B161}.Debug|x86.ActiveCfg = Debug|Any CPU
		{78228613-B510-480E-9CEB-682F3EC5B161}.Debug|x86.Build.0 = Debug|Any CPU
		{78228613-B510-480E-9CEB-682F3EC5B161}.Release|Any CPU.ActiveCfg = Release|Any CPU
		{78228613-B510-480E-9CEB-682F3EC5B161}.Release|Any CPU.Build.0 = Release|Any CPU
		{78228613-B510-480E-9CEB-682F3EC5B161}.Release|x64.ActiveCfg = Release|Any CPU
		{78228613-B510-480E-9CEB-682F3EC5B161}.Release|x64.Build.0 = Release|Any CPU
		{78228613-B510-480E-9CEB-682F3EC5B161}.Release|x86.ActiveCfg = Release|Any CPU
		{78228613-B510-480E-9CEB-682F3EC5B161}.Release|x86.Build.0 = Release|Any CPU
		{4855713B-F368-4871-8C94-404C961C145E}.Debug|Any CPU.ActiveCfg = Debug
		{4855713B-F368-4871-8C94-404C961C145E}.Debug|x64.ActiveCfg = Debug
		{4855713B-F368-4871-8C94-404C961C145E}.Debug|x86.ActiveCfg = Debug
		{4855713B-F368-4871-8C94-404C961C145E}.Release|Any CPU.ActiveCfg = Release
		{4855713B-F368-4871-8C94-404C961C145E}.Release|x64.ActiveCfg = Release
		{4855713B-F368-4871-8C94-404C961C145E}.Release|x86.ActiveCfg = Release
		{74529A26-B317-47DE-AD86-3ACA437B0C24}.Debug|Any CPU.ActiveCfg = Debug|Any CPU
		{74529A26-B317-47DE-AD86-3ACA437B0C24}.Debug|Any CPU.Build.0 = Debug|Any CPU
		{74529A26-B317-47DE-AD86-3ACA437B0C24}.Debug|x64.ActiveCfg = Debug|Any CPU
		{74529A26-B317-47DE-AD86-3ACA437B0C24}.Debug|x64.Build.0 = Debug|Any CPU
		{74529A26-B317-47DE-AD86-3ACA437B0C24}.Debug|x86.ActiveCfg = Debug|Any CPU
		{74529A26-B317-47DE-AD86-3ACA437B0C24}.Debug|x86.Build.0 = Debug|Any CPU
		{74529A26-B317-47DE-AD86-3ACA437B0C24}.Release|Any CPU.ActiveCfg = Release|Any CPU
		{74529A26-B317-47DE-AD86-3ACA437B0C24}.Release|Any CPU.Build.0 = Release|Any CPU
		{74529A26-B317-47DE-AD86-3ACA437B0C24}.Release|x64.ActiveCfg = Release|Any CPU
		{74529A26-B317-47DE-AD86-3ACA437B0C24}.Release|x64.Build.0 = Release|Any CPU
		{74529A26-B317-47DE-AD86-3ACA437B0C24}.Release|x86.ActiveCfg = Release|Any CPU
		{74529A26-B317-47DE-AD86-3ACA437B0C24}.Release|x86.Build.0 = Release|Any CPU
		{B221A3C7-852E-439D-AA9A-BC39A7E84B16}.Debug|Any CPU.ActiveCfg = Debug
		{B221A3C7-852E-439D-AA9A-BC39A7E84B16}.Debug|x64.ActiveCfg = Debug
		{B221A3C7-852E-439D-AA9A-BC39A7E84B16}.Debug|x86.ActiveCfg = Debug
		{B221A3C7-852E-439D-AA9A-BC39A7E84B16}.Release|Any CPU.ActiveCfg = Release
		{B221A3C7-852E-439D-AA9A-BC39A7E84B16}.Release|x64.ActiveCfg = Release
		{B221A3C7-852E-439D-AA9A-BC39A7E84B16}.Release|x86.ActiveCfg = Release
		{A069146C-4899-49FE-8C5D-36CBC055E5C8}.Debug|Any CPU.ActiveCfg = Debug
		{A069146C-4899-49FE-8C5D-36CBC055E5C8}.Debug|x64.ActiveCfg = Debug
		{A069146C-4899-49FE-8C5D-36CBC055E5C8}.Debug|x86.ActiveCfg = Debug
		{A069146C-4899-49FE-8C5D-36CBC055E5C8}.Release|Any CPU.ActiveCfg = Release
		{A069146C-4899-49FE-8C5D-36CBC055E5C8}.Release|x64.ActiveCfg = Release
		{A069146C-4899-49FE-8C5D-36CBC055E5C8}.Release|x86.ActiveCfg = Release
		{E4B4742E-5F4F-4669-A9A1-F7E1642FC78F}.Debug|Any CPU.ActiveCfg = Debug|Any CPU
		{E4B4742E-5F4F-4669-A9A1-F7E1642FC78F}.Debug|Any CPU.Build.0 = Debug|Any CPU
		{E4B4742E-5F4F-4669-A9A1-F7E1642FC78F}.Debug|x64.ActiveCfg = Debug|Any CPU
		{E4B4742E-5F4F-4669-A9A1-F7E1642FC78F}.Debug|x64.Build.0 = Debug|Any CPU
		{E4B4742E-5F4F-4669-A9A1-F7E1642FC78F}.Debug|x86.ActiveCfg = Debug|Any CPU
		{E4B4742E-5F4F-4669-A9A1-F7E1642FC78F}.Debug|x86.Build.0 = Debug|Any CPU
		{E4B4742E-5F4F-4669-A9A1-F7E1642FC78F}.Release|Any CPU.ActiveCfg = Release|Any CPU
		{E4B4742E-5F4F-4669-A9A1-F7E1642FC78F}.Release|Any CPU.Build.0 = Release|Any CPU
		{E4B4742E-5F4F-4669-A9A1-F7E1642FC78F}.Release|x64.ActiveCfg = Release|Any CPU
		{E4B4742E-5F4F-4669-A9A1-F7E1642FC78F}.Release|x64.Build.0 = Release|Any CPU
		{E4B4742E-5F4F-4669-A9A1-F7E1642FC78F}.Release|x86.ActiveCfg = Release|Any CPU
		{E4B4742E-5F4F-4669-A9A1-F7E1642FC78F}.Release|x86.Build.0 = Release|Any CPU
		{EBC914A3-ECCF-42D2-AE9A-DC0E79323CB8}.Debug|Any CPU.ActiveCfg = Debug
		{EBC914A3-ECCF-42D2-AE9A-DC0E79323CB8}.Debug|x64.ActiveCfg = Debug
		{EBC914A3-ECCF-42D2-AE9A-DC0E79323CB8}.Debug|x86.ActiveCfg = Debug
		{EBC914A3-ECCF-42D2-AE9A-DC0E79323CB8}.Release|Any CPU.ActiveCfg = Release
		{EBC914A3-ECCF-42D2-AE9A-DC0E79323CB8}.Release|x64.ActiveCfg = Release
		{EBC914A3-ECCF-42D2-AE9A-DC0E79323CB8}.Release|x86.ActiveCfg = Release
		{02C20DF1-C11C-4CA3-A5F6-C01984130FF4}.Debug|Any CPU.ActiveCfg = Debug|Any CPU
		{02C20DF1-C11C-4CA3-A5F6-C01984130FF4}.Debug|Any CPU.Build.0 = Debug|Any CPU
		{02C20DF1-C11C-4CA3-A5F6-C01984130FF4}.Debug|x64.ActiveCfg = Debug|Any CPU
		{02C20DF1-C11C-4CA3-A5F6-C01984130FF4}.Debug|x64.Build.0 = Debug|Any CPU
		{02C20DF1-C11C-4CA3-A5F6-C01984130FF4}.Debug|x86.ActiveCfg = Debug|Any CPU
		{02C20DF1-C11C-4CA3-A5F6-C01984130FF4}.Debug|x86.Build.0 = Debug|Any CPU
		{02C20DF1-C11C-4CA3-A5F6-C01984130FF4}.Release|Any CPU.ActiveCfg = Release|Any CPU
		{02C20DF1-C11C-4CA3-A5F6-C01984130FF4}.Release|Any CPU.Build.0 = Release|Any CPU
		{02C20DF1-C11C-4CA3-A5F6-C01984130FF4}.Release|x64.ActiveCfg = Release|Any CPU
		{02C20DF1-C11C-4CA3-A5F6-C01984130FF4}.Release|x64.Build.0 = Release|Any CPU
		{02C20DF1-C11C-4CA3-A5F6-C01984130FF4}.Release|x86.ActiveCfg = Release|Any CPU
		{02C20DF1-C11C-4CA3-A5F6-C01984130FF4}.Release|x86.Build.0 = Release|Any CPU
		{0FDB0C41-BC64-4BF8-9F15-434BAC44D68B}.Debug|Any CPU.ActiveCfg = Debug|Any CPU
		{0FDB0C41-BC64-4BF8-9F15-434BAC44D68B}.Debug|Any CPU.Build.0 = Debug|Any CPU
		{0FDB0C41-BC64-4BF8-9F15-434BAC44D68B}.Debug|x64.ActiveCfg = Debug|Any CPU
		{0FDB0C41-BC64-4BF8-9F15-434BAC44D68B}.Debug|x64.Build.0 = Debug|Any CPU
		{0FDB0C41-BC64-4BF8-9F15-434BAC44D68B}.Debug|x86.ActiveCfg = Debug|Any CPU
		{0FDB0C41-BC64-4BF8-9F15-434BAC44D68B}.Debug|x86.Build.0 = Debug|Any CPU
		{0FDB0C41-BC64-4BF8-9F15-434BAC44D68B}.Release|Any CPU.ActiveCfg = Release|Any CPU
		{0FDB0C41-BC64-4BF8-9F15-434BAC44D68B}.Release|Any CPU.Build.0 = Release|Any CPU
		{0FDB0C41-BC64-4BF8-9F15-434BAC44D68B}.Release|x64.ActiveCfg = Release|Any CPU
		{0FDB0C41-BC64-4BF8-9F15-434BAC44D68B}.Release|x64.Build.0 = Release|Any CPU
		{0FDB0C41-BC64-4BF8-9F15-434BAC44D68B}.Release|x86.ActiveCfg = Release|Any CPU
		{0FDB0C41-BC64-4BF8-9F15-434BAC44D68B}.Release|x86.Build.0 = Release|Any CPU
		{7D3661C1-E7AA-4CA7-9C66-D8A95984B5C7}.Debug|Any CPU.ActiveCfg = Debug|Any CPU
		{7D3661C1-E7AA-4CA7-9C66-D8A95984B5C7}.Debug|Any CPU.Build.0 = Debug|Any CPU
		{7D3661C1-E7AA-4CA7-9C66-D8A95984B5C7}.Debug|x64.ActiveCfg = Debug|Any CPU
		{7D3661C1-E7AA-4CA7-9C66-D8A95984B5C7}.Debug|x64.Build.0 = Debug|Any CPU
		{7D3661C1-E7AA-4CA7-9C66-D8A95984B5C7}.Debug|x86.ActiveCfg = Debug|Any CPU
		{7D3661C1-E7AA-4CA7-9C66-D8A95984B5C7}.Debug|x86.Build.0 = Debug|Any CPU
		{7D3661C1-E7AA-4CA7-9C66-D8A95984B5C7}.Release|Any CPU.ActiveCfg = Release|Any CPU
		{7D3661C1-E7AA-4CA7-9C66-D8A95984B5C7}.Release|Any CPU.Build.0 = Release|Any CPU
		{7D3661C1-E7AA-4CA7-9C66-D8A95984B5C7}.Release|x64.ActiveCfg = Release|Any CPU
		{7D3661C1-E7AA-4CA7-9C66-D8A95984B5C7}.Release|x64.Build.0 = Release|Any CPU
		{7D3661C1-E7AA-4CA7-9C66-D8A95984B5C7}.Release|x86.ActiveCfg = Release|Any CPU
		{7D3661C1-E7AA-4CA7-9C66-D8A95984B5C7}.Release|x86.Build.0 = Release|Any CPU
		{6DB7B786-6BEB-4AC3-8E64-22F954EA8FDB}.Debug|Any CPU.ActiveCfg = Debug
		{6DB7B786-6BEB-4AC3-8E64-22F954EA8FDB}.Debug|x64.ActiveCfg = Debug
		{6DB7B786-6BEB-4AC3-8E64-22F954EA8FDB}.Debug|x86.ActiveCfg = Debug
		{6DB7B786-6BEB-4AC3-8E64-22F954EA8FDB}.Release|Any CPU.ActiveCfg = Release
		{6DB7B786-6BEB-4AC3-8E64-22F954EA8FDB}.Release|x64.ActiveCfg = Release
		{6DB7B786-6BEB-4AC3-8E64-22F954EA8FDB}.Release|x86.ActiveCfg = Release
		{9AB3A575-80D3-4208-804E-0086E9CFDBA4}.Debug|Any CPU.ActiveCfg = Debug
		{9AB3A575-80D3-4208-804E-0086E9CFDBA4}.Debug|x64.ActiveCfg = Debug
		{9AB3A575-80D3-4208-804E-0086E9CFDBA4}.Debug|x86.ActiveCfg = Debug
		{9AB3A575-80D3-4208-804E-0086E9CFDBA4}.Release|Any CPU.ActiveCfg = Release
		{9AB3A575-80D3-4208-804E-0086E9CFDBA4}.Release|x64.ActiveCfg = Release
		{9AB3A575-80D3-4208-804E-0086E9CFDBA4}.Release|x86.ActiveCfg = Release
		{447E796B-3E9B-4B8F-9660-9213DF901F00}.Debug|Any CPU.ActiveCfg = Debug|Any CPU
		{447E796B-3E9B-4B8F-9660-9213DF901F00}.Debug|Any CPU.Build.0 = Debug|Any CPU
		{447E796B-3E9B-4B8F-9660-9213DF901F00}.Debug|x64.ActiveCfg = Debug|Any CPU
		{447E796B-3E9B-4B8F-9660-9213DF901F00}.Debug|x64.Build.0 = Debug|Any CPU
		{447E796B-3E9B-4B8F-9660-9213DF901F00}.Debug|x86.ActiveCfg = Debug|Any CPU
		{447E796B-3E9B-4B8F-9660-9213DF901F00}.Debug|x86.Build.0 = Debug|Any CPU
		{447E796B-3E9B-4B8F-9660-9213DF901F00}.Release|Any CPU.ActiveCfg = Release|Any CPU
		{447E796B-3E9B-4B8F-9660-9213DF901F00}.Release|Any CPU.Build.0 = Release|Any CPU
		{447E796B-3E9B-4B8F-9660-9213DF901F00}.Release|x64.ActiveCfg = Release|Any CPU
		{447E796B-3E9B-4B8F-9660-9213DF901F00}.Release|x64.Build.0 = Release|Any CPU
		{447E796B-3E9B-4B8F-9660-9213DF901F00}.Release|x86.ActiveCfg = Release|Any CPU
		{447E796B-3E9B-4B8F-9660-9213DF901F00}.Release|x86.Build.0 = Release|Any CPU
		{EF15EF4E-1BA7-4588-9F21-D9071B1A5FC5}.Debug|Any CPU.ActiveCfg = Debug
		{EF15EF4E-1BA7-4588-9F21-D9071B1A5FC5}.Debug|x64.ActiveCfg = Debug
		{EF15EF4E-1BA7-4588-9F21-D9071B1A5FC5}.Debug|x86.ActiveCfg = Debug
		{EF15EF4E-1BA7-4588-9F21-D9071B1A5FC5}.Release|Any CPU.ActiveCfg = Release
		{EF15EF4E-1BA7-4588-9F21-D9071B1A5FC5}.Release|x64.ActiveCfg = Release
		{EF15EF4E-1BA7-4588-9F21-D9071B1A5FC5}.Release|x86.ActiveCfg = Release
		{51FE9683-C294-4DE8-8965-DD68A901EB1B}.Debug|Any CPU.ActiveCfg = Debug|Any CPU
		{51FE9683-C294-4DE8-8965-DD68A901EB1B}.Debug|Any CPU.Build.0 = Debug|Any CPU
		{51FE9683-C294-4DE8-8965-DD68A901EB1B}.Debug|x64.ActiveCfg = Debug|Any CPU
		{51FE9683-C294-4DE8-8965-DD68A901EB1B}.Debug|x64.Build.0 = Debug|Any CPU
		{51FE9683-C294-4DE8-8965-DD68A901EB1B}.Debug|x86.ActiveCfg = Debug|Any CPU
		{51FE9683-C294-4DE8-8965-DD68A901EB1B}.Debug|x86.Build.0 = Debug|Any CPU
		{51FE9683-C294-4DE8-8965-DD68A901EB1B}.Release|Any CPU.ActiveCfg = Release|Any CPU
		{51FE9683-C294-4DE8-8965-DD68A901EB1B}.Release|Any CPU.Build.0 = Release|Any CPU
		{51FE9683-C294-4DE8-8965-DD68A901EB1B}.Release|x64.ActiveCfg = Release|Any CPU
		{51FE9683-C294-4DE8-8965-DD68A901EB1B}.Release|x64.Build.0 = Release|Any CPU
		{51FE9683-C294-4DE8-8965-DD68A901EB1B}.Release|x86.ActiveCfg = Release|Any CPU
		{51FE9683-C294-4DE8-8965-DD68A901EB1B}.Release|x86.Build.0 = Release|Any CPU
		{DC3E4680-86A9-4CFE-883D-1B01C6D5E7E5}.Debug|Any CPU.ActiveCfg = Debug
		{DC3E4680-86A9-4CFE-883D-1B01C6D5E7E5}.Debug|x64.ActiveCfg = Debug
		{DC3E4680-86A9-4CFE-883D-1B01C6D5E7E5}.Debug|x86.ActiveCfg = Debug
		{DC3E4680-86A9-4CFE-883D-1B01C6D5E7E5}.Release|Any CPU.ActiveCfg = Release
		{DC3E4680-86A9-4CFE-883D-1B01C6D5E7E5}.Release|x64.ActiveCfg = Release
		{DC3E4680-86A9-4CFE-883D-1B01C6D5E7E5}.Release|x86.ActiveCfg = Release
		{53AE9222-DD37-4ED1-9BDC-EEB4D6E6E912}.Debug|Any CPU.ActiveCfg = Debug|Any CPU
		{53AE9222-DD37-4ED1-9BDC-EEB4D6E6E912}.Debug|Any CPU.Build.0 = Debug|Any CPU
		{53AE9222-DD37-4ED1-9BDC-EEB4D6E6E912}.Debug|x64.ActiveCfg = Debug|Any CPU
		{53AE9222-DD37-4ED1-9BDC-EEB4D6E6E912}.Debug|x64.Build.0 = Debug|Any CPU
		{53AE9222-DD37-4ED1-9BDC-EEB4D6E6E912}.Debug|x86.ActiveCfg = Debug|Any CPU
		{53AE9222-DD37-4ED1-9BDC-EEB4D6E6E912}.Debug|x86.Build.0 = Debug|Any CPU
		{53AE9222-DD37-4ED1-9BDC-EEB4D6E6E912}.Release|Any CPU.ActiveCfg = Release|Any CPU
		{53AE9222-DD37-4ED1-9BDC-EEB4D6E6E912}.Release|Any CPU.Build.0 = Release|Any CPU
		{53AE9222-DD37-4ED1-9BDC-EEB4D6E6E912}.Release|x64.ActiveCfg = Release|Any CPU
		{53AE9222-DD37-4ED1-9BDC-EEB4D6E6E912}.Release|x64.Build.0 = Release|Any CPU
		{53AE9222-DD37-4ED1-9BDC-EEB4D6E6E912}.Release|x86.ActiveCfg = Release|Any CPU
		{53AE9222-DD37-4ED1-9BDC-EEB4D6E6E912}.Release|x86.Build.0 = Release|Any CPU
		{9F768DA8-D70F-4F8C-A1EE-6A01230C6DAD}.Debug|Any CPU.ActiveCfg = Debug
		{9F768DA8-D70F-4F8C-A1EE-6A01230C6DAD}.Debug|x64.ActiveCfg = Debug
		{9F768DA8-D70F-4F8C-A1EE-6A01230C6DAD}.Debug|x86.ActiveCfg = Debug
		{9F768DA8-D70F-4F8C-A1EE-6A01230C6DAD}.Release|Any CPU.ActiveCfg = Release
		{9F768DA8-D70F-4F8C-A1EE-6A01230C6DAD}.Release|x64.ActiveCfg = Release
		{9F768DA8-D70F-4F8C-A1EE-6A01230C6DAD}.Release|x86.ActiveCfg = Release
		{07496DF7-5E08-4D63-9759-88617436B7BD}.Debug|Any CPU.ActiveCfg = Debug|Any CPU
		{07496DF7-5E08-4D63-9759-88617436B7BD}.Debug|Any CPU.Build.0 = Debug|Any CPU
		{07496DF7-5E08-4D63-9759-88617436B7BD}.Debug|x64.ActiveCfg = Debug|Any CPU
		{07496DF7-5E08-4D63-9759-88617436B7BD}.Debug|x64.Build.0 = Debug|Any CPU
		{07496DF7-5E08-4D63-9759-88617436B7BD}.Debug|x86.ActiveCfg = Debug|Any CPU
		{07496DF7-5E08-4D63-9759-88617436B7BD}.Debug|x86.Build.0 = Debug|Any CPU
		{07496DF7-5E08-4D63-9759-88617436B7BD}.Release|Any CPU.ActiveCfg = Release|Any CPU
		{07496DF7-5E08-4D63-9759-88617436B7BD}.Release|Any CPU.Build.0 = Release|Any CPU
		{07496DF7-5E08-4D63-9759-88617436B7BD}.Release|x64.ActiveCfg = Release|Any CPU
		{07496DF7-5E08-4D63-9759-88617436B7BD}.Release|x64.Build.0 = Release|Any CPU
		{07496DF7-5E08-4D63-9759-88617436B7BD}.Release|x86.ActiveCfg = Release|Any CPU
		{07496DF7-5E08-4D63-9759-88617436B7BD}.Release|x86.Build.0 = Release|Any CPU
		{C21A0AFD-004D-4AEA-8C8F-836D14FCCFEF}.Debug|Any CPU.ActiveCfg = Debug|Any CPU
		{C21A0AFD-004D-4AEA-8C8F-836D14FCCFEF}.Debug|Any CPU.Build.0 = Debug|Any CPU
		{C21A0AFD-004D-4AEA-8C8F-836D14FCCFEF}.Debug|x64.ActiveCfg = Debug|Any CPU
		{C21A0AFD-004D-4AEA-8C8F-836D14FCCFEF}.Debug|x64.Build.0 = Debug|Any CPU
		{C21A0AFD-004D-4AEA-8C8F-836D14FCCFEF}.Debug|x86.ActiveCfg = Debug|Any CPU
		{C21A0AFD-004D-4AEA-8C8F-836D14FCCFEF}.Debug|x86.Build.0 = Debug|Any CPU
		{C21A0AFD-004D-4AEA-8C8F-836D14FCCFEF}.Release|Any CPU.ActiveCfg = Release|Any CPU
		{C21A0AFD-004D-4AEA-8C8F-836D14FCCFEF}.Release|Any CPU.Build.0 = Release|Any CPU
		{C21A0AFD-004D-4AEA-8C8F-836D14FCCFEF}.Release|x64.ActiveCfg = Release|Any CPU
		{C21A0AFD-004D-4AEA-8C8F-836D14FCCFEF}.Release|x64.Build.0 = Release|Any CPU
		{C21A0AFD-004D-4AEA-8C8F-836D14FCCFEF}.Release|x86.ActiveCfg = Release|Any CPU
		{C21A0AFD-004D-4AEA-8C8F-836D14FCCFEF}.Release|x86.Build.0 = Release|Any CPU
		{E8238F6A-AAA1-45EC-AB2F-7CCE06235493}.Debug|Any CPU.ActiveCfg = Debug|Any CPU
		{E8238F6A-AAA1-45EC-AB2F-7CCE06235493}.Debug|Any CPU.Build.0 = Debug|Any CPU
		{E8238F6A-AAA1-45EC-AB2F-7CCE06235493}.Debug|x64.ActiveCfg = Debug|Any CPU
		{E8238F6A-AAA1-45EC-AB2F-7CCE06235493}.Debug|x64.Build.0 = Debug|Any CPU
		{E8238F6A-AAA1-45EC-AB2F-7CCE06235493}.Debug|x86.ActiveCfg = Debug|Any CPU
		{E8238F6A-AAA1-45EC-AB2F-7CCE06235493}.Debug|x86.Build.0 = Debug|Any CPU
		{E8238F6A-AAA1-45EC-AB2F-7CCE06235493}.Release|Any CPU.ActiveCfg = Release|Any CPU
		{E8238F6A-AAA1-45EC-AB2F-7CCE06235493}.Release|Any CPU.Build.0 = Release|Any CPU
		{E8238F6A-AAA1-45EC-AB2F-7CCE06235493}.Release|x64.ActiveCfg = Release|Any CPU
		{E8238F6A-AAA1-45EC-AB2F-7CCE06235493}.Release|x64.Build.0 = Release|Any CPU
		{E8238F6A-AAA1-45EC-AB2F-7CCE06235493}.Release|x86.ActiveCfg = Release|Any CPU
		{E8238F6A-AAA1-45EC-AB2F-7CCE06235493}.Release|x86.Build.0 = Release|Any CPU
		{497DB069-4C50-4F01-8B19-F58DF136C2F5}.Debug|Any CPU.ActiveCfg = Debug
		{497DB069-4C50-4F01-8B19-F58DF136C2F5}.Debug|x64.ActiveCfg = Debug
		{497DB069-4C50-4F01-8B19-F58DF136C2F5}.Debug|x86.ActiveCfg = Debug
		{497DB069-4C50-4F01-8B19-F58DF136C2F5}.Release|Any CPU.ActiveCfg = Release
		{497DB069-4C50-4F01-8B19-F58DF136C2F5}.Release|x64.ActiveCfg = Release
		{497DB069-4C50-4F01-8B19-F58DF136C2F5}.Release|x86.ActiveCfg = Release
		{A6FBAB4F-E9E4-40EB-B49C-249A17EE031B}.Debug|Any CPU.ActiveCfg = Debug
		{A6FBAB4F-E9E4-40EB-B49C-249A17EE031B}.Debug|x64.ActiveCfg = Debug
		{A6FBAB4F-E9E4-40EB-B49C-249A17EE031B}.Debug|x86.ActiveCfg = Debug
		{A6FBAB4F-E9E4-40EB-B49C-249A17EE031B}.Release|Any CPU.ActiveCfg = Release
		{A6FBAB4F-E9E4-40EB-B49C-249A17EE031B}.Release|x64.ActiveCfg = Release
		{A6FBAB4F-E9E4-40EB-B49C-249A17EE031B}.Release|x86.ActiveCfg = Release
		{0542D152-F2CE-462A-80A4-B83C776241D4}.Debug|Any CPU.ActiveCfg = Debug|Any CPU
		{0542D152-F2CE-462A-80A4-B83C776241D4}.Debug|Any CPU.Build.0 = Debug|Any CPU
		{0542D152-F2CE-462A-80A4-B83C776241D4}.Debug|x64.ActiveCfg = Debug|Any CPU
		{0542D152-F2CE-462A-80A4-B83C776241D4}.Debug|x64.Build.0 = Debug|Any CPU
		{0542D152-F2CE-462A-80A4-B83C776241D4}.Debug|x86.ActiveCfg = Debug|Any CPU
		{0542D152-F2CE-462A-80A4-B83C776241D4}.Debug|x86.Build.0 = Debug|Any CPU
		{0542D152-F2CE-462A-80A4-B83C776241D4}.Release|Any CPU.ActiveCfg = Release|Any CPU
		{0542D152-F2CE-462A-80A4-B83C776241D4}.Release|Any CPU.Build.0 = Release|Any CPU
		{0542D152-F2CE-462A-80A4-B83C776241D4}.Release|x64.ActiveCfg = Release|Any CPU
		{0542D152-F2CE-462A-80A4-B83C776241D4}.Release|x64.Build.0 = Release|Any CPU
		{0542D152-F2CE-462A-80A4-B83C776241D4}.Release|x86.ActiveCfg = Release|Any CPU
		{0542D152-F2CE-462A-80A4-B83C776241D4}.Release|x86.Build.0 = Release|Any CPU
		{B8A7D821-286E-41FA-BC7E-6267EE662AE8}.Debug|Any CPU.ActiveCfg = Debug
		{B8A7D821-286E-41FA-BC7E-6267EE662AE8}.Debug|Any CPU.Build.0 = Debug
		{B8A7D821-286E-41FA-BC7E-6267EE662AE8}.Debug|x64.ActiveCfg = Debug
		{B8A7D821-286E-41FA-BC7E-6267EE662AE8}.Debug|x64.Build.0 = Debug
		{B8A7D821-286E-41FA-BC7E-6267EE662AE8}.Debug|x86.ActiveCfg = Debug
		{B8A7D821-286E-41FA-BC7E-6267EE662AE8}.Debug|x86.Build.0 = Debug
		{B8A7D821-286E-41FA-BC7E-6267EE662AE8}.Release|Any CPU.ActiveCfg = Release
		{B8A7D821-286E-41FA-BC7E-6267EE662AE8}.Release|Any CPU.Build.0 = Release
		{B8A7D821-286E-41FA-BC7E-6267EE662AE8}.Release|x64.ActiveCfg = Release
		{B8A7D821-286E-41FA-BC7E-6267EE662AE8}.Release|x64.Build.0 = Release
		{B8A7D821-286E-41FA-BC7E-6267EE662AE8}.Release|x86.ActiveCfg = Release
		{B8A7D821-286E-41FA-BC7E-6267EE662AE8}.Release|x86.Build.0 = Release
		{10301132-77CC-43DB-BE53-B3BE7EF7FCB6}.Debug|Any CPU.ActiveCfg = Debug|Any CPU
		{10301132-77CC-43DB-BE53-B3BE7EF7FCB6}.Debug|Any CPU.Build.0 = Debug|Any CPU
		{10301132-77CC-43DB-BE53-B3BE7EF7FCB6}.Debug|x64.ActiveCfg = Debug|Any CPU
		{10301132-77CC-43DB-BE53-B3BE7EF7FCB6}.Debug|x64.Build.0 = Debug|Any CPU
		{10301132-77CC-43DB-BE53-B3BE7EF7FCB6}.Debug|x86.ActiveCfg = Debug|Any CPU
		{10301132-77CC-43DB-BE53-B3BE7EF7FCB6}.Debug|x86.Build.0 = Debug|Any CPU
		{10301132-77CC-43DB-BE53-B3BE7EF7FCB6}.Release|Any CPU.ActiveCfg = Release|Any CPU
		{10301132-77CC-43DB-BE53-B3BE7EF7FCB6}.Release|Any CPU.Build.0 = Release|Any CPU
		{10301132-77CC-43DB-BE53-B3BE7EF7FCB6}.Release|x64.ActiveCfg = Release|Any CPU
		{10301132-77CC-43DB-BE53-B3BE7EF7FCB6}.Release|x64.Build.0 = Release|Any CPU
		{10301132-77CC-43DB-BE53-B3BE7EF7FCB6}.Release|x86.ActiveCfg = Release|Any CPU
		{10301132-77CC-43DB-BE53-B3BE7EF7FCB6}.Release|x86.Build.0 = Release|Any CPU
		{D87FEA7F-1D4B-40A8-8400-3A9329DDF267}.Debug|Any CPU.ActiveCfg = Debug
		{D87FEA7F-1D4B-40A8-8400-3A9329DDF267}.Debug|Any CPU.Build.0 = Debug
		{D87FEA7F-1D4B-40A8-8400-3A9329DDF267}.Debug|x64.ActiveCfg = Debug
		{D87FEA7F-1D4B-40A8-8400-3A9329DDF267}.Debug|x64.Build.0 = Debug
		{D87FEA7F-1D4B-40A8-8400-3A9329DDF267}.Debug|x86.ActiveCfg = Debug
		{D87FEA7F-1D4B-40A8-8400-3A9329DDF267}.Debug|x86.Build.0 = Debug
		{D87FEA7F-1D4B-40A8-8400-3A9329DDF267}.Release|Any CPU.ActiveCfg = Release
		{D87FEA7F-1D4B-40A8-8400-3A9329DDF267}.Release|Any CPU.Build.0 = Release
		{D87FEA7F-1D4B-40A8-8400-3A9329DDF267}.Release|x64.ActiveCfg = Release
		{D87FEA7F-1D4B-40A8-8400-3A9329DDF267}.Release|x64.Build.0 = Release
		{D87FEA7F-1D4B-40A8-8400-3A9329DDF267}.Release|x86.ActiveCfg = Release
		{D87FEA7F-1D4B-40A8-8400-3A9329DDF267}.Release|x86.Build.0 = Release
	EndGlobalSection
	GlobalSection(SolutionProperties) = preSolution
		HideSolutionNode = FALSE
	EndGlobalSection
EndGlobal
